
Microsoft Visual Studio Solution File, Format Version 12.00
# Visual Studio 2013
VisualStudioVersion = 12.0.21005.1
MinimumVisualStudioVersion = 10.0.40219.1
Project("{FAE04EC0-301F-11D3-BF4B-00C04F79EFBC}") = "PDFHandler", "PDFHandler\PDFHandler.csproj", "{34021329-2146-49C3-BBFE-AD893F1BE972}"
EndProject
Project("{FAE04EC0-301F-11D3-BF4B-00C04F79EFBC}") = "WebConnections", "WebConnections\WebConnections.csproj", "{6AD2A319-D372-45FA-B817-562965B7A323}"
EndProject
Project("{FAE04EC0-301F-11D3-BF4B-00C04F79EFBC}") = "EmailHandler", "EmailHandler\EmailHandler.csproj", "{A8D232DE-691E-4CB0-A982-AD73573AFA9E}"
EndProject
Project("{FAE04EC0-301F-11D3-BF4B-00C04F79EFBC}") = "KNDLComic", "KNDLComic\KNDLComic.csproj", "{5323BADD-B503-4F04-A2D2-C85CDD3656DF}"
EndProject
Project("{FAE04EC0-301F-11D3-BF4B-00C04F79EFBC}") = "CustomWebClient", "CustomWebClient\CustomWebClient.csproj", "{1CD5A80B-6F2D-444B-B2AB-62106EE1E46D}"
EndProject
Global
	GlobalSection(SolutionConfigurationPlatforms) = preSolution
		Debug|Any CPU = Debug|Any CPU
		Release|Any CPU = Release|Any CPU
	EndGlobalSection
	GlobalSection(ProjectConfigurationPlatforms) = postSolution
		{34021329-2146-49C3-BBFE-AD893F1BE972}.Debug|Any CPU.ActiveCfg = Debug|Any CPU
		{34021329-2146-49C3-BBFE-AD893F1BE972}.Debug|Any CPU.Build.0 = Debug|Any CPU
		{34021329-2146-49C3-BBFE-AD893F1BE972}.Release|Any CPU.ActiveCfg = Release|Any CPU
		{34021329-2146-49C3-BBFE-AD893F1BE972}.Release|Any CPU.Build.0 = Release|Any CPU
		{6AD2A319-D372-45FA-B817-562965B7A323}.Debug|Any CPU.ActiveCfg = Debug|Any CPU
		{6AD2A319-D372-45FA-B817-562965B7A323}.Debug|Any CPU.Build.0 = Debug|Any CPU
		{6AD2A319-D372-45FA-B817-562965B7A323}.Release|Any CPU.ActiveCfg = Release|Any CPU
		{6AD2A319-D372-45FA-B817-562965B7A323}.Release|Any CPU.Build.0 = Release|Any CPU
		{A8D232DE-691E-4CB0-A982-AD73573AFA9E}.Debug|Any CPU.ActiveCfg = Debug|Any CPU
		{A8D232DE-691E-4CB0-A982-AD73573AFA9E}.Debug|Any CPU.Build.0 = Debug|Any CPU
		{A8D232DE-691E-4CB0-A982-AD73573AFA9E}.Release|Any CPU.ActiveCfg = Release|Any CPU
		{A8D232DE-691E-4CB0-A982-AD73573AFA9E}.Release|Any CPU.Build.0 = Release|Any CPU
		{5323BADD-B503-4F04-A2D2-C85CDD3656DF}.Debug|Any CPU.ActiveCfg = Debug|Any CPU
		{5323BADD-B503-4F04-A2D2-C85CDD3656DF}.Debug|Any CPU.Build.0 = Debug|Any CPU
		{5323BADD-B503-4F04-A2D2-C85CDD3656DF}.Release|Any CPU.ActiveCfg = Release|Any CPU
		{5323BADD-B503-4F04-A2D2-C85CDD3656DF}.Release|Any CPU.Build.0 = Release|Any CPU
		{1CD5A80B-6F2D-444B-B2AB-62106EE1E46D}.Debug|Any CPU.ActiveCfg = Debug|Any CPU
		{1CD5A80B-6F2D-444B-B2AB-62106EE1E46D}.Debug|Any CPU.Build.0 = Debug|Any CPU
		{1CD5A80B-6F2D-444B-B2AB-62106EE1E46D}.Release|Any CPU.ActiveCfg = Release|Any CPU
		{1CD5A80B-6F2D-444B-B2AB-62106EE1E46D}.Release|Any CPU.Build.0 = Release|Any CPU
	EndGlobalSection
	GlobalSection(SolutionProperties) = preSolution
		HideSolutionNode = FALSE
	EndGlobalSection
	GlobalSection(Performance) = preSolution
		HasPerformanceSessions = true
	EndGlobalSection
EndGlobal
